{
  "name": "zizo",
  "version": "0.1.0",
  "lockfileVersion": 1,
  "requires": true,
  "dependencies": {
    "gloop": {
      "version": "git+https://github.com/monkeydioude/gloop.git#5008446f0deda62bb3951e01054c051ee1dd869c",
      "from": "git+https://github.com/monkeydioude/gloop.git"
    }
  }
}
